
Microsoft Visual Studio Solution File, Format Version 12.00
# Visual Studio 14
VisualStudioVersion = 14.0.25420.1
MinimumVisualStudioVersion = 10.0.40219.1
Project("{FAE04EC0-301F-11D3-BF4B-00C04F79EFBC}") = "ArtShop", "WebApplication1\ArtShop.csproj", "{B506734E-A0C0-4090-8DA7-7DB68A522DAD}"
EndProject
Project("{FAE04EC0-301F-11D3-BF4B-00C04F79EFBC}") = "WebApplication1.Tests", "WebApplication1.Tests\WebApplication1.Tests.csproj", "{6450A00A-AE2D-4D61-9D87-8EFB98DD0F76}"
EndProject
Project("{FAE04EC0-301F-11D3-BF4B-00C04F79EFBC}") = "TrainingCode", "TrainingCode\TrainingCode.csproj", "{61E1906F-8B2E-4E32-A3BF-DDB041282209}"
EndProject
Global
	GlobalSection(SolutionConfigurationPlatforms) = preSolution
		Debug|Any CPU = Debug|Any CPU
		Release|Any CPU = Release|Any CPU
	EndGlobalSection
	GlobalSection(ProjectConfigurationPlatforms) = postSolution
		{B506734E-A0C0-4090-8DA7-7DB68A522DAD}.Debug|Any CPU.ActiveCfg = Debug|Any CPU
		{B506734E-A0C0-4090-8DA7-7DB68A522DAD}.Debug|Any CPU.Build.0 = Debug|Any CPU
		{B506734E-A0C0-4090-8DA7-7DB68A522DAD}.Release|Any CPU.ActiveCfg = Release|Any CPU
		{B506734E-A0C0-4090-8DA7-7DB68A522DAD}.Release|Any CPU.Build.0 = Release|Any CPU
		{6450A00A-AE2D-4D61-9D87-8EFB98DD0F76}.Debug|Any CPU.ActiveCfg = Debug|Any CPU
		{6450A00A-AE2D-4D61-9D87-8EFB98DD0F76}.Debug|Any CPU.Build.0 = Debug|Any CPU
		{6450A00A-AE2D-4D61-9D87-8EFB98DD0F76}.Release|Any CPU.ActiveCfg = Release|Any CPU
		{6450A00A-AE2D-4D61-9D87-8EFB98DD0F76}.Release|Any CPU.Build.0 = Release|Any CPU
		{61E1906F-8B2E-4E32-A3BF-DDB041282209}.Debug|Any CPU.ActiveCfg = Debug|Any CPU
		{61E1906F-8B2E-4E32-A3BF-DDB041282209}.Debug|Any CPU.Build.0 = Debug|Any CPU
		{61E1906F-8B2E-4E32-A3BF-DDB041282209}.Release|Any CPU.ActiveCfg = Release|Any CPU
		{61E1906F-8B2E-4E32-A3BF-DDB041282209}.Release|Any CPU.Build.0 = Release|Any CPU
	EndGlobalSection
	GlobalSection(SolutionProperties) = preSolution
		HideSolutionNode = FALSE
	EndGlobalSection
EndGlobal
